
Microsoft Visual Studio Solution File, Format Version 12.00
# Visual Studio Version 16
VisualStudioVersion = 16.0.30907.101
MinimumVisualStudioVersion = 10.0.40219.1
Project("{FAE04EC0-301F-11D3-BF4B-00C04F79EFBC}") = "ACM.BL", "ACM.BL\ACM.BL.csproj", "{909E2B9C-3AAE-4DFF-B96E-F06535BE0231}"
EndProject
Project("{2150E333-8FDC-42A3-9474-1A3956D46DE8}") = "Tests", "Tests", "{1E4C6859-1A0F-47F5-9864-CC626292CE91}"
EndProject
Project("{FAE04EC0-301F-11D3-BF4B-00C04F79EFBC}") = "ACM.BLTest", "Tests\ACM.BLTest\ACM.BLTest.csproj", "{5AD226AB-CFAC-4723-874B-F00A235EE323}"
EndProject
Global
	GlobalSection(SolutionConfigurationPlatforms) = preSolution
		Debug|Any CPU = Debug|Any CPU
		Release|Any CPU = Release|Any CPU
	EndGlobalSection
	GlobalSection(ProjectConfigurationPlatforms) = postSolution
		{909E2B9C-3AAE-4DFF-B96E-F06535BE0231}.Debug|Any CPU.ActiveCfg = Debug|Any CPU
		{909E2B9C-3AAE-4DFF-B96E-F06535BE0231}.Debug|Any CPU.Build.0 = Debug|Any CPU
		{909E2B9C-3AAE-4DFF-B96E-F06535BE0231}.Release|Any CPU.ActiveCfg = Release|Any CPU
		{909E2B9C-3AAE-4DFF-B96E-F06535BE0231}.Release|Any CPU.Build.0 = Release|Any CPU
		{5AD226AB-CFAC-4723-874B-F00A235EE323}.Debug|Any CPU.ActiveCfg = Debug|Any CPU
		{5AD226AB-CFAC-4723-874B-F00A235EE323}.Debug|Any CPU.Build.0 = Debug|Any CPU
		{5AD226AB-CFAC-4723-874B-F00A235EE323}.Release|Any CPU.ActiveCfg = Release|Any CPU
		{5AD226AB-CFAC-4723-874B-F00A235EE323}.Release|Any CPU.Build.0 = Release|Any CPU
	EndGlobalSection
	GlobalSection(SolutionProperties) = preSolution
		HideSolutionNode = FALSE
	EndGlobalSection
	GlobalSection(NestedProjects) = preSolution
		{5AD226AB-CFAC-4723-874B-F00A235EE323} = {1E4C6859-1A0F-47F5-9864-CC626292CE91}
	EndGlobalSection
	GlobalSection(ExtensibilityGlobals) = postSolution
		SolutionGuid = {15A14189-656B-408F-A02A-FB4ECA36D31F}
	EndGlobalSection
EndGlobal
